github.com/reiver/go-cast v0.0.0-20240904124821-be0103637c3f h1:+xhln673LL2XG1qhsUG1e+HHdXm/lTWihmr5G815dMc=
github.com/reiver/go-cast v0.0.0-20240904124821-be0103637c3f/go.mod h1:baMIic1VWx4m5MRviwSyHFx1Z6POGMRrnVgsMvsLlAA=
github.com/reiver/go-erorr v0.0.0-20240801233437-8cbde6d1fa3f h1:D1QSxKHm8U73XhjsW3SFLkT0zT5pKJi+1KGboMhY1Rk=
github.com/reiver/go-erorr v0.0.0-20240801233437-8cbde6d1fa3f/go.mod h1:F0HbBf+Ak2ZlE8YkDW4Y+KxaUmT0KaaIJK6CXY3cJxE=
